
Microsoft Visual Studio Solution File, Format Version 12.00
# Visual Studio Version 17
VisualStudioVersion = 17.0.31903.59
MinimumVisualStudioVersion = 10.0.40219.1
Project("{2150E333-8FDC-42A3-9474-1A3956D46DE8}") = "Presentation", "Presentation", "{98B8358C-B890-41FA-8893-EA221C2247E0}"
EndProject
Project("{9A19103F-16F7-4668-BE54-9A1E7A4F7556}") = "Functions", "Presentation\Functions\Functions.csproj", "{655B8806-1FEB-4DBB-9929-35A05A7DE633}"
EndProject
Project("{9A19103F-16F7-4668-BE54-9A1E7A4F7556}") = "Maui", "Presentation\Maui\Maui.csproj", "{9686F227-426D-44C4-B150-F42BEFE7BD7B}"
EndProject
Project("{9A19103F-16F7-4668-BE54-9A1E7A4F7556}") = "WebApp", "Presentation\WebApp\WebApp.csproj", "{BA9C6905-98BA-4C3B-9499-AD4659782F24}"
EndProject
Project("{2150E333-8FDC-42A3-9474-1A3956D46DE8}") = "Infrastructure", "Infrastructure", "{CFD8E231-85EC-4AB3-B52C-EFE0A0476BF8}"
EndProject
Project("{2150E333-8FDC-42A3-9474-1A3956D46DE8}") = "Reporistories", "Reporistories", "{971BE9AD-AC0B-4E52-9E42-38A7F883C6C6}"
EndProject
Project("{9A19103F-16F7-4668-BE54-9A1E7A4F7556}") = "TableStorage", "Infrastructure\Reporistories\TableStorage\TableStorage.csproj", "{11AD7076-50DD-468C-B02E-8B85F0F44C64}"
EndProject
Project("{2150E333-8FDC-42A3-9474-1A3956D46DE8}") = "Core", "Core", "{0581ADCB-DB80-4D58-A0C6-4A22F035E1A6}"
EndProject
Project("{9A19103F-16F7-4668-BE54-9A1E7A4F7556}") = "Model", "Core\Model\Model.csproj", "{DE2BCD3E-BF89-4E9D-8DB2-8974B33AB3F2}"
EndProject
Project("{9A19103F-16F7-4668-BE54-9A1E7A4F7556}") = "Services", "Core\Services\Services.csproj", "{48342BC5-5C59-4705-B8B3-CDC8972D27B7}"
EndProject
Project("{9A19103F-16F7-4668-BE54-9A1E7A4F7556}") = "Contracts", "Contracts\Contracts.csproj", "{D33834BC-0059-499A-A36E-1DED105DDB17}"
EndProject
Project("{FAE04EC0-301F-11D3-BF4B-00C04F79EFBC}") = "SharedUI", "Presentation\SharedUI\SharedUI.csproj", "{EE7B2D18-8378-4F6E-84FD-C215820E0DEA}"
EndProject
Global
	GlobalSection(SolutionConfigurationPlatforms) = preSolution
		Debug|Any CPU = Debug|Any CPU
		Release|Any CPU = Release|Any CPU
	EndGlobalSection
	GlobalSection(ProjectConfigurationPlatforms) = postSolution
		{655B8806-1FEB-4DBB-9929-35A05A7DE633}.Debug|Any CPU.ActiveCfg = Debug|Any CPU
		{655B8806-1FEB-4DBB-9929-35A05A7DE633}.Debug|Any CPU.Build.0 = Debug|Any CPU
		{655B8806-1FEB-4DBB-9929-35A05A7DE633}.Release|Any CPU.ActiveCfg = Release|Any CPU
		{655B8806-1FEB-4DBB-9929-35A05A7DE633}.Release|Any CPU.Build.0 = Release|Any CPU
		{9686F227-426D-44C4-B150-F42BEFE7BD7B}.Debug|Any CPU.ActiveCfg = Debug|Any CPU
		{9686F227-426D-44C4-B150-F42BEFE7BD7B}.Debug|Any CPU.Build.0 = Debug|Any CPU
		{9686F227-426D-44C4-B150-F42BEFE7BD7B}.Release|Any CPU.ActiveCfg = Release|Any CPU
		{9686F227-426D-44C4-B150-F42BEFE7BD7B}.Release|Any CPU.Build.0 = Release|Any CPU
		{BA9C6905-98BA-4C3B-9499-AD4659782F24}.Debug|Any CPU.ActiveCfg = Debug|Any CPU
		{BA9C6905-98BA-4C3B-9499-AD4659782F24}.Debug|Any CPU.Build.0 = Debug|Any CPU
		{BA9C6905-98BA-4C3B-9499-AD4659782F24}.Release|Any CPU.ActiveCfg = Release|Any CPU
		{BA9C6905-98BA-4C3B-9499-AD4659782F24}.Release|Any CPU.Build.0 = Release|Any CPU
		{11AD7076-50DD-468C-B02E-8B85F0F44C64}.Debug|Any CPU.ActiveCfg = Debug|Any CPU
		{11AD7076-50DD-468C-B02E-8B85F0F44C64}.Debug|Any CPU.Build.0 = Debug|Any CPU
		{11AD7076-50DD-468C-B02E-8B85F0F44C64}.Release|Any CPU.ActiveCfg = Release|Any CPU
		{11AD7076-50DD-468C-B02E-8B85F0F44C64}.Release|Any CPU.Build.0 = Release|Any CPU
		{DE2BCD3E-BF89-4E9D-8DB2-8974B33AB3F2}.Debug|Any CPU.ActiveCfg = Debug|Any CPU
		{DE2BCD3E-BF89-4E9D-8DB2-8974B33AB3F2}.Debug|Any CPU.Build.0 = Debug|Any CPU
		{DE2BCD3E-BF89-4E9D-8DB2-8974B33AB3F2}.Release|Any CPU.ActiveCfg = Release|Any CPU
		{DE2BCD3E-BF89-4E9D-8DB2-8974B33AB3F2}.Release|Any CPU.Build.0 = Release|Any CPU
		{48342BC5-5C59-4705-B8B3-CDC8972D27B7}.Debug|Any CPU.ActiveCfg = Debug|Any CPU
		{48342BC5-5C59-4705-B8B3-CDC8972D27B7}.Debug|Any CPU.Build.0 = Debug|Any CPU
		{48342BC5-5C59-4705-B8B3-CDC8972D27B7}.Release|Any CPU.ActiveCfg = Release|Any CPU
		{48342BC5-5C59-4705-B8B3-CDC8972D27B7}.Release|Any CPU.Build.0 = Release|Any CPU
		{D33834BC-0059-499A-A36E-1DED105DDB17}.Debug|Any CPU.ActiveCfg = Debug|Any CPU
		{D33834BC-0059-499A-A36E-1DED105DDB17}.Debug|Any CPU.Build.0 = Debug|Any CPU
		{D33834BC-0059-499A-A36E-1DED105DDB17}.Release|Any CPU.ActiveCfg = Release|Any CPU
		{D33834BC-0059-499A-A36E-1DED105DDB17}.Release|Any CPU.Build.0 = Release|Any CPU
		{EE7B2D18-8378-4F6E-84FD-C215820E0DEA}.Debug|Any CPU.ActiveCfg = Debug|Any CPU
		{EE7B2D18-8378-4F6E-84FD-C215820E0DEA}.Debug|Any CPU.Build.0 = Debug|Any CPU
		{EE7B2D18-8378-4F6E-84FD-C215820E0DEA}.Release|Any CPU.ActiveCfg = Release|Any CPU
		{EE7B2D18-8378-4F6E-84FD-C215820E0DEA}.Release|Any CPU.Build.0 = Release|Any CPU
	EndGlobalSection
	GlobalSection(SolutionProperties) = preSolution
		HideSolutionNode = FALSE
	EndGlobalSection
	GlobalSection(NestedProjects) = preSolution
		{655B8806-1FEB-4DBB-9929-35A05A7DE633} = {98B8358C-B890-41FA-8893-EA221C2247E0}
		{9686F227-426D-44C4-B150-F42BEFE7BD7B} = {98B8358C-B890-41FA-8893-EA221C2247E0}
		{BA9C6905-98BA-4C3B-9499-AD4659782F24} = {98B8358C-B890-41FA-8893-EA221C2247E0}
		{971BE9AD-AC0B-4E52-9E42-38A7F883C6C6} = {CFD8E231-85EC-4AB3-B52C-EFE0A0476BF8}
		{11AD7076-50DD-468C-B02E-8B85F0F44C64} = {971BE9AD-AC0B-4E52-9E42-38A7F883C6C6}
		{DE2BCD3E-BF89-4E9D-8DB2-8974B33AB3F2} = {0581ADCB-DB80-4D58-A0C6-4A22F035E1A6}
		{48342BC5-5C59-4705-B8B3-CDC8972D27B7} = {0581ADCB-DB80-4D58-A0C6-4A22F035E1A6}
		{D33834BC-0059-499A-A36E-1DED105DDB17} = {0581ADCB-DB80-4D58-A0C6-4A22F035E1A6}
		{EE7B2D18-8378-4F6E-84FD-C215820E0DEA} = {98B8358C-B890-41FA-8893-EA221C2247E0}
	EndGlobalSection
	GlobalSection(ExtensibilityGlobals) = postSolution
		SolutionGuid = {62F1D075-AF94-4DC0-BF8F-51B1E1462AF4}
	EndGlobalSection
EndGlobal
